github.com/aws/aws-sdk-go-v2 v1.47.0 h1:0jsHallhJCeaU0Ko48c/3FK1ctOQ7NpzggxriJOQ8MQ=
github.com/aws/aws-sdk-go-v2 v1.47.0/go.mod h1:bttEH6JqnUL8LepvDVfdrds/fZ5bCIxzpe3abyUrhDU=
github.com/aws/aws-sdk-go-v2/feature/dynamodb/attributevalue v1.21.4 h1:gxdN6nkgcrsMrgAISH0HG1j6C3coIiGhjvWnV38SikU=
github.com/aws/aws-sdk-go-v2/feature/dynamodb/attributevalue v1.21.4/go.mod h1:tnjDj8Ea3qcWFNWNj3iD8TvrNIO/olIG6YjH2otBgtU=
github.com/aws/aws-sdk-go-v2/service/dynamodb v1.68.0 h1:b1D6b5N6cIwLKP54WxDMQyRiRxzCPfcrvMJQbG1Oozs=
github.com/aws/aws-sdk-go-v2/service/dynamodb v1.68.0/go.mod h1:d7bRXj2c3K52qdd62I1c0o+ua/44QScJFj6EP0ufZeI=
github.com/aws/aws-sdk-go-v2/service/dynamodbstreams v1.41.0 h1:OwXdFpXm69g8QGGRpjIbI6wYv1H+PIwpzxnA3LYqIi4=
github.com/aws/aws-sdk-go-v2/service/dynamodbstreams v1.41.0/go.mod h1:kY2lQqBRz40cHTExRGQ34ung4CN0HrQCLj7Yq+3wnxo=
github.com/aws/smithy-go v1.28.1 h1:R/nXH00c8qcfCzQVELtRw+eLQWtzv+VAIEFJ1/xxXlQ=
github.com/aws/smithy-go v1.28.1/go.mod h1:YE2RhdIuDbA5E5bTdciG9KrW3+TiEONeUWCqxX9i1Fc=
